# This file was autogenerated by Stack.
# You should not edit this file by hand.
# For more information, please see the documentation at:
#   https://docs.haskellstack.org/en/stable/lock_files

packages: []
snapshots:
- completed:
    size: 545843
    url: https://raw.githubusercontent.com/commercialhaskell/stackage-snapshots/master/nightly/2022/4/6.yaml
    sha256: e59512928378e2411fea0269b3a658e31c8b24c9824dc213361dcce50a2b3f29
  original: nightly-2022-04-06
